// !$*UTF8*$!
{
	archiveVersion = 1;
	classes = {
	};
	objectVersion = 46;
	objects = {

/* Begin PBXBuildFile section */
		CE5901A91D998C1B00659FFC /* CardCellView.swift in Sources */ = {isa = PBXBuildFile; fileRef = CE5901A81D998C1B00659FFC /* CardCellView.swift */; };
		CE891A931D8CC7EB000A9711 /* AppDelegate.swift in Sources */ = {isa = PBXBuildFile; fileRef = CE891A921D8CC7EB000A9711 /* AppDelegate.swift */; };
		CE891A991D8CC7EB000A9711 /* Assets.xcassets in Resources */ = {isa = PBXBuildFile; fileRef = CE891A981D8CC7EB000A9711 /* Assets.xcassets */; };
		CE891A9C1D8CC7EB000A9711 /* Main.storyboard in Resources */ = {isa = PBXBuildFile; fileRef = CE891A9A1D8CC7EB000A9711 /* Main.storyboard */; };
		CE891AA71D8CC7EB000A9711 /* GPMTests.swift in Sources */ = {isa = PBXBuildFile; fileRef = CE891AA61D8CC7EB000A9711 /* GPMTests.swift */; };
		CE91FB4E1D92E9E000D5079F /* GitHubService+Users.swift in Sources */ = {isa = PBXBuildFile; fileRef = CE91FB4D1D92E9E000D5079F /* GitHubService+Users.swift */; };
		CE91FB501D92EB2300D5079F /* GitHubUser.swift in Sources */ = {isa = PBXBuildFile; fileRef = CE91FB4F1D92EB2300D5079F /* GitHubUser.swift */; };
		CE91FB521D92EF6C00D5079F /* response_user.json in Resources */ = {isa = PBXBuildFile; fileRef = CE91FB511D92EF6C00D5079F /* response_user.json */; };
		CE91FB541D92F2A800D5079F /* LoginViewController.swift in Sources */ = {isa = PBXBuildFile; fileRef = CE91FB531D92F2A800D5079F /* LoginViewController.swift */; };
		CE91FB561D9418E400D5079F /* GitHubScope.swift in Sources */ = {isa = PBXBuildFile; fileRef = CE91FB551D9418E400D5079F /* GitHubScope.swift */; };
		CE91FB5C1D960CF900D5079F /* GitHubServer.swift in Sources */ = {isa = PBXBuildFile; fileRef = CE91FB5B1D960CF900D5079F /* GitHubServer.swift */; };
		CE91FB811D997C4600D5079F /* KanbanColumnTableViewController.swift in Sources */ = {isa = PBXBuildFile; fileRef = CE91FB801D997C4600D5079F /* KanbanColumnTableViewController.swift */; };
		CE951D381D921743004D99F3 /* KeychainAccess.framework in Frameworks */ = {isa = PBXBuildFile; fileRef = CE951D371D921743004D99F3 /* KeychainAccess.framework */; };
		CE951D391D921743004D99F3 /* KeychainAccess.framework in Embed Frameworks */ = {isa = PBXBuildFile; fileRef = CE951D371D921743004D99F3 /* KeychainAccess.framework */; settings = {ATTRIBUTES = (CodeSignOnCopy, RemoveHeadersOnCopy, ); }; };
		CE951D3B1D92191F004D99F3 /* AccessTokenService.swift in Sources */ = {isa = PBXBuildFile; fileRef = CE951D3A1D92191F004D99F3 /* AccessTokenService.swift */; };
		CEC9C5ED1D8CF42B002C218F /* GitHubService.swift in Sources */ = {isa = PBXBuildFile; fileRef = CEC9C5EC1D8CF42B002C218F /* GitHubService.swift */; };
		CEC9C5EF1D8CF53C002C218F /* GitHubProject.swift in Sources */ = {isa = PBXBuildFile; fileRef = CEC9C5EE1D8CF53C002C218F /* GitHubProject.swift */; };
		CEC9C5F21D8D7CFF002C218F /* GitHubService+Projects.swift in Sources */ = {isa = PBXBuildFile; fileRef = CEC9C5F11D8D7CFF002C218F /* GitHubService+Projects.swift */; };
		CEC9C5F51D8D9635002C218F /* GitHubServiceTests.swift in Sources */ = {isa = PBXBuildFile; fileRef = CEC9C5F41D8D9635002C218F /* GitHubServiceTests.swift */; };
		CEC9C5F71D8D9708002C218F /* GitHubTestsSupport.swift in Sources */ = {isa = PBXBuildFile; fileRef = CEC9C5F61D8D9708002C218F /* GitHubTestsSupport.swift */; };
		CEC9C5F91D8D990F002C218F /* response_repos_owner_repo_projects.json in Resources */ = {isa = PBXBuildFile; fileRef = CEC9C5F81D8D990F002C218F /* response_repos_owner_repo_projects.json */; };
		CEC9C5FF1D8D9D64002C218F /* Alamofire.framework in Frameworks */ = {isa = PBXBuildFile; fileRef = CE891AB71D8CD998000A9711 /* Alamofire.framework */; };
		CEC9C6001D8D9D64002C218F /* Alamofire.framework in Embed Frameworks */ = {isa = PBXBuildFile; fileRef = CE891AB71D8CD998000A9711 /* Alamofire.framework */; settings = {ATTRIBUTES = (CodeSignOnCopy, RemoveHeadersOnCopy, ); }; };
		CEC9C6031D8DA845002C218F /* response_repos_owner_repo_projects_project_number_columns.json in Resources */ = {isa = PBXBuildFile; fileRef = CEC9C6021D8DA845002C218F /* response_repos_owner_repo_projects_project_number_columns.json */; };
		CEC9C6051D8DB441002C218F /* response_repos_owner_repo_projects_columns_column_id_cards.json in Resources */ = {isa = PBXBuildFile; fileRef = CEC9C6041D8DB441002C218F /* response_repos_owner_repo_projects_columns_column_id_cards.json */; };
		CEC9C6071D8E316F002C218F /* GitHubService+Issues.swift in Sources */ = {isa = PBXBuildFile; fileRef = CEC9C6061D8E316F002C218F /* GitHubService+Issues.swift */; };
		CEC9C6091D8E324A002C218F /* GitHubIssue.swift in Sources */ = {isa = PBXBuildFile; fileRef = CEC9C6081D8E324A002C218F /* GitHubIssue.swift */; };
		CEC9C60B1D8E3373002C218F /* response_repos_owner_repo_issues_number.json in Resources */ = {isa = PBXBuildFile; fileRef = CEC9C60A1D8E3373002C218F /* response_repos_owner_repo_issues_number.json */; };
		CEC9C60D1D8E3719002C218F /* BookmarkViewController.swift in Sources */ = {isa = PBXBuildFile; fileRef = CEC9C60C1D8E3719002C218F /* BookmarkViewController.swift */; };
		CEC9C6101D8E372B002C218F /* KanbanViewController.swift in Sources */ = {isa = PBXBuildFile; fileRef = CEC9C60E1D8E372B002C218F /* KanbanViewController.swift */; };
		CEC9C6131D8E3B2C002C218F /* Kanban.swift in Sources */ = {isa = PBXBuildFile; fileRef = CEC9C6121D8E3B2C002C218F /* Kanban.swift */; };
		CEC9C6151D8E4154002C218F /* KanbanService.swift in Sources */ = {isa = PBXBuildFile; fileRef = CEC9C6141D8E4154002C218F /* KanbanService.swift */; };
		CEC9C61D1D8EC968002C218F /* Card.swift in Sources */ = {isa = PBXBuildFile; fileRef = CEC9C61C1D8EC968002C218F /* Card.swift */; };
		CEC9C61F1D8EE758002C218F /* SplitViewController.swift in Sources */ = {isa = PBXBuildFile; fileRef = CEC9C61E1D8EE758002C218F /* SplitViewController.swift */; };
		CEC9C6211D8EF045002C218F /* Column.swift in Sources */ = {isa = PBXBuildFile; fileRef = CEC9C6201D8EF045002C218F /* Column.swift */; };
		CEC9C6251D902E45002C218F /* WindowController.swift in Sources */ = {isa = PBXBuildFile; fileRef = CEC9C6241D902E45002C218F /* WindowController.swift */; };
		CEC9C6271D903749002C218F /* KanbanRegisterViewController.swift in Sources */ = {isa = PBXBuildFile; fileRef = CEC9C6261D903749002C218F /* KanbanRegisterViewController.swift */; };
/* End PBXBuildFile section */

/* Begin PBXContainerItemProxy section */
		CE891AA31D8CC7EB000A9711 /* PBXContainerItemProxy */ = {
			isa = PBXContainerItemProxy;
			containerPortal = CE891A871D8CC7EA000A9711 /* Project object */;
			proxyType = 1;
			remoteGlobalIDString = CE891A8E1D8CC7EA000A9711;
			remoteInfo = GPM;
		};
/* End PBXContainerItemProxy section */

/* Begin PBXCopyFilesBuildPhase section */
		CEC9C6011D8D9D64002C218F /* Embed Frameworks */ = {
			isa = PBXCopyFilesBuildPhase;
			buildActionMask = 2147483647;
			dstPath = "";
			dstSubfolderSpec = 10;
			files = (
				CE951D391D921743004D99F3 /* KeychainAccess.framework in Embed Frameworks */,
				CEC9C6001D8D9D64002C218F /* Alamofire.framework in Embed Frameworks */,
			);
			name = "Embed Frameworks";
			runOnlyForDeploymentPostprocessing = 0;
		};
/* End PBXCopyFilesBuildPhase section */

/* Begin PBXFileReference section */
		CE5901A81D998C1B00659FFC /* CardCellView.swift */ = {isa = PBXFileReference; fileEncoding = 4; lastKnownFileType = sourcecode.swift; path = CardCellView.swift; sourceTree = "<group>"; };
		CE891A8F1D8CC7EB000A9711 /* GPM.app */ = {isa = PBXFileReference; explicitFileType = wrapper.application; includeInIndex = 0; path = GPM.app; sourceTree = BUILT_PRODUCTS_DIR; };
		CE891A921D8CC7EB000A9711 /* AppDelegate.swift */ = {isa = PBXFileReference; lastKnownFileType = sourcecode.swift; path = AppDelegate.swift; sourceTree = "<group>"; };
		CE891A981D8CC7EB000A9711 /* Assets.xcassets */ = {isa = PBXFileReference; lastKnownFileType = folder.assetcatalog; path = Assets.xcassets; sourceTree = "<group>"; };
		CE891A9B1D8CC7EB000A9711 /* Base */ = {isa = PBXFileReference; lastKnownFileType = file.storyboard; name = Base; path = Base.lproj/Main.storyboard; sourceTree = "<group>"; };
		CE891A9D1D8CC7EB000A9711 /* Info.plist */ = {isa = PBXFileReference; lastKnownFileType = text.plist.xml; path = Info.plist; sourceTree = "<group>"; };
		CE891AA21D8CC7EB000A9711 /* GPMTests.xctest */ = {isa = PBXFileReference; explicitFileType = wrapper.cfbundle; includeInIndex = 0; path = GPMTests.xctest; sourceTree = BUILT_PRODUCTS_DIR; };
		CE891AA61D8CC7EB000A9711 /* GPMTests.swift */ = {isa = PBXFileReference; lastKnownFileType = sourcecode.swift; path = GPMTests.swift; sourceTree = "<group>"; };
		CE891AA81D8CC7EB000A9711 /* Info.plist */ = {isa = PBXFileReference; lastKnownFileType = text.plist.xml; path = Info.plist; sourceTree = "<group>"; };
		CE891AB71D8CD998000A9711 /* Alamofire.framework */ = {isa = PBXFileReference; lastKnownFileType = wrapper.framework; name = Alamofire.framework; path = Carthage/Build/Mac/Alamofire.framework; sourceTree = "<group>"; };
		CE91FB4D1D92E9E000D5079F /* GitHubService+Users.swift */ = {isa = PBXFileReference; fileEncoding = 4; lastKnownFileType = sourcecode.swift; path = "GitHubService+Users.swift"; sourceTree = "<group>"; };
		CE91FB4F1D92EB2300D5079F /* GitHubUser.swift */ = {isa = PBXFileReference; fileEncoding = 4; lastKnownFileType = sourcecode.swift; path = GitHubUser.swift; sourceTree = "<group>"; };
		CE91FB511D92EF6C00D5079F /* response_user.json */ = {isa = PBXFileReference; fileEncoding = 4; lastKnownFileType = text.json; path = response_user.json; sourceTree = "<group>"; };
		CE91FB531D92F2A800D5079F /* LoginViewController.swift */ = {isa = PBXFileReference; fileEncoding = 4; lastKnownFileType = sourcecode.swift; path = LoginViewController.swift; sourceTree = "<group>"; };
		CE91FB551D9418E400D5079F /* GitHubScope.swift */ = {isa = PBXFileReference; fileEncoding = 4; lastKnownFileType = sourcecode.swift; path = GitHubScope.swift; sourceTree = "<group>"; };
		CE91FB5B1D960CF900D5079F /* GitHubServer.swift */ = {isa = PBXFileReference; fileEncoding = 4; lastKnownFileType = sourcecode.swift; path = GitHubServer.swift; sourceTree = "<group>"; };
		CE91FB801D997C4600D5079F /* KanbanColumnTableViewController.swift */ = {isa = PBXFileReference; fileEncoding = 4; lastKnownFileType = sourcecode.swift; path = KanbanColumnTableViewController.swift; sourceTree = "<group>"; };
		CE951D371D921743004D99F3 /* KeychainAccess.framework */ = {isa = PBXFileReference; lastKnownFileType = wrapper.framework; name = KeychainAccess.framework; path = Carthage/Build/Mac/KeychainAccess.framework; sourceTree = "<group>"; };
		CE951D3A1D92191F004D99F3 /* AccessTokenService.swift */ = {isa = PBXFileReference; fileEncoding = 4; lastKnownFileType = sourcecode.swift; path = AccessTokenService.swift; sourceTree = "<group>"; };
		CEC9C5EC1D8CF42B002C218F /* GitHubService.swift */ = {isa = PBXFileReference; fileEncoding = 4; lastKnownFileType = sourcecode.swift; path = GitHubService.swift; sourceTree = "<group>"; };
		CEC9C5EE1D8CF53C002C218F /* GitHubProject.swift */ = {isa = PBXFileReference; fileEncoding = 4; lastKnownFileType = sourcecode.swift; path = GitHubProject.swift; sourceTree = "<group>"; };
		CEC9C5F11D8D7CFF002C218F /* GitHubService+Projects.swift */ = {isa = PBXFileReference; fileEncoding = 4; lastKnownFileType = sourcecode.swift; path = "GitHubService+Projects.swift"; sourceTree = "<group>"; };
		CEC9C5F41D8D9635002C218F /* GitHubServiceTests.swift */ = {isa = PBXFileReference; fileEncoding = 4; lastKnownFileType = sourcecode.swift; path = GitHubServiceTests.swift; sourceTree = "<group>"; };
		CEC9C5F61D8D9708002C218F /* GitHubTestsSupport.swift */ = {isa = PBXFileReference; fileEncoding = 4; lastKnownFileType = sourcecode.swift; path = GitHubTestsSupport.swift; sourceTree = "<group>"; };
		CEC9C5F81D8D990F002C218F /* response_repos_owner_repo_projects.json */ = {isa = PBXFileReference; fileEncoding = 4; lastKnownFileType = text.json; path = response_repos_owner_repo_projects.json; sourceTree = "<group>"; };
		CEC9C6021D8DA845002C218F /* response_repos_owner_repo_projects_project_number_columns.json */ = {isa = PBXFileReference; fileEncoding = 4; lastKnownFileType = text.json; path = response_repos_owner_repo_projects_project_number_columns.json; sourceTree = "<group>"; };
		CEC9C6041D8DB441002C218F /* response_repos_owner_repo_projects_columns_column_id_cards.json */ = {isa = PBXFileReference; fileEncoding = 4; lastKnownFileType = text.json; path = response_repos_owner_repo_projects_columns_column_id_cards.json; sourceTree = "<group>"; };
		CEC9C6061D8E316F002C218F /* GitHubService+Issues.swift */ = {isa = PBXFileReference; fileEncoding = 4; lastKnownFileType = sourcecode.swift; path = "GitHubService+Issues.swift"; sourceTree = "<group>"; };
		CEC9C6081D8E324A002C218F /* GitHubIssue.swift */ = {isa = PBXFileReference; fileEncoding = 4; lastKnownFileType = sourcecode.swift; path = GitHubIssue.swift; sourceTree = "<group>"; };
		CEC9C60A1D8E3373002C218F /* response_repos_owner_repo_issues_number.json */ = {isa = PBXFileReference; fileEncoding = 4; lastKnownFileType = text.json; path = response_repos_owner_repo_issues_number.json; sourceTree = "<group>"; };
		CEC9C60C1D8E3719002C218F /* BookmarkViewController.swift */ = {isa = PBXFileReference; fileEncoding = 4; lastKnownFileType = sourcecode.swift; path = BookmarkViewController.swift; sourceTree = "<group>"; };
		CEC9C60E1D8E372B002C218F /* KanbanViewController.swift */ = {isa = PBXFileReference; fileEncoding = 4; lastKnownFileType = sourcecode.swift; path = KanbanViewController.swift; sourceTree = "<group>"; };
		CEC9C6121D8E3B2C002C218F /* Kanban.swift */ = {isa = PBXFileReference; fileEncoding = 4; lastKnownFileType = sourcecode.swift; path = Kanban.swift; sourceTree = "<group>"; };
		CEC9C6141D8E4154002C218F /* KanbanService.swift */ = {isa = PBXFileReference; fileEncoding = 4; lastKnownFileType = sourcecode.swift; path = KanbanService.swift; sourceTree = "<group>"; };
		CEC9C6161D8E4BE6002C218F /* GPM.entitlements */ = {isa = PBXFileReference; lastKnownFileType = text.plist.entitlements; path = GPM.entitlements; sourceTree = "<group>"; };
		CEC9C61C1D8EC968002C218F /* Card.swift */ = {isa = PBXFileReference; fileEncoding = 4; lastKnownFileType = sourcecode.swift; path = Card.swift; sourceTree = "<group>"; };
		CEC9C61E1D8EE758002C218F /* SplitViewController.swift */ = {isa = PBXFileReference; fileEncoding = 4; lastKnownFileType = sourcecode.swift; path = SplitViewController.swift; sourceTree = "<group>"; };
		CEC9C6201D8EF045002C218F /* Column.swift */ = {isa = PBXFileReference; fileEncoding = 4; lastKnownFileType = sourcecode.swift; path = Column.swift; sourceTree = "<group>"; };
		CEC9C6241D902E45002C218F /* WindowController.swift */ = {isa = PBXFileReference; fileEncoding = 4; lastKnownFileType = sourcecode.swift; path = WindowController.swift; sourceTree = "<group>"; };
		CEC9C6261D903749002C218F /* KanbanRegisterViewController.swift */ = {isa = PBXFileReference; fileEncoding = 4; lastKnownFileType = sourcecode.swift; path = KanbanRegisterViewController.swift; sourceTree = "<group>"; };
/* End PBXFileReference section */

/* Begin PBXFrameworksBuildPhase section */
		CE891A8C1D8CC7EA000A9711 /* Frameworks */ = {
			isa = PBXFrameworksBuildPhase;
			buildActionMask = 2147483647;
			files = (
				CE951D381D921743004D99F3 /* KeychainAccess.framework in Frameworks */,
				CEC9C5FF1D8D9D64002C218F /* Alamofire.framework in Frameworks */,
			);
			runOnlyForDeploymentPostprocessing = 0;
		};
		CE891A9F1D8CC7EB000A9711 /* Frameworks */ = {
			isa = PBXFrameworksBuildPhase;
			buildActionMask = 2147483647;
			files = (
			);
			runOnlyForDeploymentPostprocessing = 0;
		};
/* End PBXFrameworksBuildPhase section */

/* Begin PBXGroup section */
		CE891A861D8CC7EA000A9711 = {
			isa = PBXGroup;
			children = (
				CE891A911D8CC7EB000A9711 /* GPM */,
				CE891AA51D8CC7EB000A9711 /* GPMTests */,
				CE891A901D8CC7EB000A9711 /* Products */,
				CE891AB61D8CD998000A9711 /* Frameworks */,
			);
			sourceTree = "<group>";
		};
		CE891A901D8CC7EB000A9711 /* Products */ = {
			isa = PBXGroup;
			children = (
				CE891A8F1D8CC7EB000A9711 /* GPM.app */,
				CE891AA21D8CC7EB000A9711 /* GPMTests.xctest */,
			);
			name = Products;
			sourceTree = "<group>";
		};
		CE891A911D8CC7EB000A9711 /* GPM */ = {
			isa = PBXGroup;
			children = (
				CEC9C5EB1D8CF40E002C218F /* github */,
				CE891A921D8CC7EB000A9711 /* AppDelegate.swift */,
				CEC9C6241D902E45002C218F /* WindowController.swift */,
				CEC9C61E1D8EE758002C218F /* SplitViewController.swift */,
				CEC9C60C1D8E3719002C218F /* BookmarkViewController.swift */,
				CEC9C60E1D8E372B002C218F /* KanbanViewController.swift */,
				CE91FB801D997C4600D5079F /* KanbanColumnTableViewController.swift */,
				CEC9C6261D903749002C218F /* KanbanRegisterViewController.swift */,
				CE91FB531D92F2A800D5079F /* LoginViewController.swift */,
				CE951D3A1D92191F004D99F3 /* AccessTokenService.swift */,
				CEC9C6201D8EF045002C218F /* Column.swift */,
				CEC9C61C1D8EC968002C218F /* Card.swift */,
				CE5901A81D998C1B00659FFC /* CardCellView.swift */,
				CEC9C6141D8E4154002C218F /* KanbanService.swift */,
				CEC9C6121D8E3B2C002C218F /* Kanban.swift */,
				CE891A981D8CC7EB000A9711 /* Assets.xcassets */,
				CE891A9A1D8CC7EB000A9711 /* Main.storyboard */,
				CE891A9D1D8CC7EB000A9711 /* Info.plist */,
				CEC9C6161D8E4BE6002C218F /* GPM.entitlements */,
			);
			path = GPM;
			sourceTree = "<group>";
		};
		CE891AA51D8CC7EB000A9711 /* GPMTests */ = {
			isa = PBXGroup;
			children = (
				CEC9C5F31D8D94C7002C218F /* github */,
				CE891AA61D8CC7EB000A9711 /* GPMTests.swift */,
				CE891AA81D8CC7EB000A9711 /* Info.plist */,
			);
			path = GPMTests;
			sourceTree = "<group>";
		};
		CE891AB61D8CD998000A9711 /* Frameworks */ = {
			isa = PBXGroup;
			children = (
				CE891AB71D8CD998000A9711 /* Alamofire.framework */,
				CE951D371D921743004D99F3 /* KeychainAccess.framework */,
			);
			name = Frameworks;
			sourceTree = "<group>";
		};
		CEC9C5EB1D8CF40E002C218F /* github */ = {
			isa = PBXGroup;
			children = (
				CE91FB5B1D960CF900D5079F /* GitHubServer.swift */,
				CEC9C5EC1D8CF42B002C218F /* GitHubService.swift */,
				CEC9C5F11D8D7CFF002C218F /* GitHubService+Projects.swift */,
				CEC9C6061D8E316F002C218F /* GitHubService+Issues.swift */,
				CE91FB4D1D92E9E000D5079F /* GitHubService+Users.swift */,
				CEC9C5EE1D8CF53C002C218F /* GitHubProject.swift */,
				CEC9C6081D8E324A002C218F /* GitHubIssue.swift */,
				CE91FB4F1D92EB2300D5079F /* GitHubUser.swift */,
				CE91FB551D9418E400D5079F /* GitHubScope.swift */,
			);
			path = github;
			sourceTree = "<group>";
		};
		CEC9C5F31D8D94C7002C218F /* github */ = {
			isa = PBXGroup;
			children = (
				CEC9C5F61D8D9708002C218F /* GitHubTestsSupport.swift */,
				CEC9C5F41D8D9635002C218F /* GitHubServiceTests.swift */,
				CEC9C5F81D8D990F002C218F /* response_repos_owner_repo_projects.json */,
				CEC9C6021D8DA845002C218F /* response_repos_owner_repo_projects_project_number_columns.json */,
				CEC9C6041D8DB441002C218F /* response_repos_owner_repo_projects_columns_column_id_cards.json */,
				CEC9C60A1D8E3373002C218F /* response_repos_owner_repo_issues_number.json */,
				CE91FB511D92EF6C00D5079F /* response_user.json */,
			);
			path = github;
			sourceTree = "<group>";
		};
/* End PBXGroup section */

/* Begin PBXNativeTarget section */
		CE891A8E1D8CC7EA000A9711 /* GPM */ = {
			isa = PBXNativeTarget;
			buildConfigurationList = CE891AAB1D8CC7EB000A9711 /* Build configuration list for PBXNativeTarget "GPM" */;
			buildPhases = (
				CE891A8B1D8CC7EA000A9711 /* Sources */,
				CE891A8C1D8CC7EA000A9711 /* Frameworks */,
				CE891A8D1D8CC7EA000A9711 /* Resources */,
				CEC9C6011D8D9D64002C218F /* Embed Frameworks */,
			);
			buildRules = (
			);
			dependencies = (
			);
			name = GPM;
			productName = GPM;
			productReference = CE891A8F1D8CC7EB000A9711 /* GPM.app */;
			productType = "com.apple.product-type.application";
		};
		CE891AA11D8CC7EB000A9711 /* GPMTests */ = {
			isa = PBXNativeTarget;
			buildConfigurationList = CE891AAE1D8CC7EB000A9711 /* Build configuration list for PBXNativeTarget "GPMTests" */;
			buildPhases = (
				CE891A9E1D8CC7EB000A9711 /* Sources */,
				CE891A9F1D8CC7EB000A9711 /* Frameworks */,
				CE891AA01D8CC7EB000A9711 /* Resources */,
			);
			buildRules = (
			);
			dependencies = (
				CE891AA41D8CC7EB000A9711 /* PBXTargetDependency */,
			);
			name = GPMTests;
			productName = GPMTests;
			productReference = CE891AA21D8CC7EB000A9711 /* GPMTests.xctest */;
			productType = "com.apple.product-type.bundle.unit-test";
		};
/* End PBXNativeTarget section */

/* Begin PBXProject section */
		CE891A871D8CC7EA000A9711 /* Project object */ = {
			isa = PBXProject;
			attributes = {
				LastSwiftUpdateCheck = 0800;
				LastUpgradeCheck = 0800;
				ORGANIZATIONNAME = mtgto;
				TargetAttributes = {
					CE891A8E1D8CC7EA000A9711 = {
						CreatedOnToolsVersion = 8.0;
						DevelopmentTeam = W3A6B7FDC7;
						ProvisioningStyle = Automatic;
						SystemCapabilities = {
							com.apple.Keychain = {
								enabled = 0;
							};
							com.apple.Sandbox = {
								enabled = 1;
							};
						};
					};
					CE891AA11D8CC7EB000A9711 = {
						CreatedOnToolsVersion = 8.0;
						DevelopmentTeam = W3A6B7FDC7;
						ProvisioningStyle = Automatic;
						TestTargetID = CE891A8E1D8CC7EA000A9711;
					};
				};
			};
			buildConfigurationList = CE891A8A1D8CC7EA000A9711 /* Build configuration list for PBXProject "GPM" */;
			compatibilityVersion = "Xcode 3.2";
			developmentRegion = English;
			hasScannedForEncodings = 0;
			knownRegions = (
				en,
				Base,
			);
			mainGroup = CE891A861D8CC7EA000A9711;
			productRefGroup = CE891A901D8CC7EB000A9711 /* Products */;
			projectDirPath = "";
			projectRoot = "";
			targets = (
				CE891A8E1D8CC7EA000A9711 /* GPM */,
				CE891AA11D8CC7EB000A9711 /* GPMTests */,
			);
		};
/* End PBXProject section */

/* Begin PBXResourcesBuildPhase section */
		CE891A8D1D8CC7EA000A9711 /* Resources */ = {
			isa = PBXResourcesBuildPhase;
			buildActionMask = 2147483647;
			files = (
				CE891A991D8CC7EB000A9711 /* Assets.xcassets in Resources */,
				CE891A9C1D8CC7EB000A9711 /* Main.storyboard in Resources */,
			);
			runOnlyForDeploymentPostprocessing = 0;
		};
		CE891AA01D8CC7EB000A9711 /* Resources */ = {
			isa = PBXResourcesBuildPhase;
			buildActionMask = 2147483647;
			files = (
				CEC9C6051D8DB441002C218F /* response_repos_owner_repo_projects_columns_column_id_cards.json in Resources */,
				CEC9C60B1D8E3373002C218F /* response_repos_owner_repo_issues_number.json in Resources */,
				CE91FB521D92EF6C00D5079F /* response_user.json in Resources */,
				CEC9C5F91D8D990F002C218F /* response_repos_owner_repo_projects.json in Resources */,
				CEC9C6031D8DA845002C218F /* response_repos_owner_repo_projects_project_number_columns.json in Resources */,
			);
			runOnlyForDeploymentPostprocessing = 0;
		};
/* End PBXResourcesBuildPhase section */

/* Begin PBXSourcesBuildPhase section */
		CE891A8B1D8CC7EA000A9711 /* Sources */ = {
			isa = PBXSourcesBuildPhase;
			buildActionMask = 2147483647;
			files = (
				CE91FB541D92F2A800D5079F /* LoginViewController.swift in Sources */,
				CE91FB5C1D960CF900D5079F /* GitHubServer.swift in Sources */,
				CE91FB4E1D92E9E000D5079F /* GitHubService+Users.swift in Sources */,
				CEC9C6091D8E324A002C218F /* GitHubIssue.swift in Sources */,
				CE951D3B1D92191F004D99F3 /* AccessTokenService.swift in Sources */,
				CE91FB501D92EB2300D5079F /* GitHubUser.swift in Sources */,
				CEC9C6071D8E316F002C218F /* GitHubService+Issues.swift in Sources */,
				CE891A931D8CC7EB000A9711 /* AppDelegate.swift in Sources */,
				CEC9C6211D8EF045002C218F /* Column.swift in Sources */,
				CEC9C5ED1D8CF42B002C218F /* GitHubService.swift in Sources */,
				CEC9C60D1D8E3719002C218F /* BookmarkViewController.swift in Sources */,
				CEC9C6271D903749002C218F /* KanbanRegisterViewController.swift in Sources */,
				CE5901A91D998C1B00659FFC /* CardCellView.swift in Sources */,
				CEC9C5EF1D8CF53C002C218F /* GitHubProject.swift in Sources */,
				CEC9C5F21D8D7CFF002C218F /* GitHubService+Projects.swift in Sources */,
				CEC9C61D1D8EC968002C218F /* Card.swift in Sources */,
				CE91FB811D997C4600D5079F /* KanbanColumnTableViewController.swift in Sources */,
				CEC9C6101D8E372B002C218F /* KanbanViewController.swift in Sources */,
				CEC9C61F1D8EE758002C218F /* SplitViewController.swift in Sources */,
				CE91FB561D9418E400D5079F /* GitHubScope.swift in Sources */,
				CEC9C6251D902E45002C218F /* WindowController.swift in Sources */,
				CEC9C6151D8E4154002C218F /* KanbanService.swift in Sources */,
				CEC9C6131D8E3B2C002C218F /* Kanban.swift in Sources */,
			);
			runOnlyForDeploymentPostprocessing = 0;
		};
		CE891A9E1D8CC7EB000A9711 /* Sources */ = {
			isa = PBXSourcesBuildPhase;
			buildActionMask = 2147483647;
			files = (
				CEC9C5F51D8D9635002C218F /* GitHubServiceTests.swift in Sources */,
				CE891AA71D8CC7EB000A9711 /* GPMTests.swift in Sources */,
				CEC9C5F71D8D9708002C218F /* GitHubTestsSupport.swift in Sources */,
			);
			runOnlyForDeploymentPostprocessing = 0;
		};
/* End PBXSourcesBuildPhase section */

/* Begin PBXTargetDependency section */
		CE891AA41D8CC7EB000A9711 /* PBXTargetDependency */ = {
			isa = PBXTargetDependency;
			target = CE891A8E1D8CC7EA000A9711 /* GPM */;
			targetProxy = CE891AA31D8CC7EB000A9711 /* PBXContainerItemProxy */;
		};
/* End PBXTargetDependency section */

/* Begin PBXVariantGroup section */
		CE891A9A1D8CC7EB000A9711 /* Main.storyboard */ = {
			isa = PBXVariantGroup;
			children = (
				CE891A9B1D8CC7EB000A9711 /* Base */,
			);
			name = Main.storyboard;
			sourceTree = "<group>";
		};
/* End PBXVariantGroup section */

/* Begin XCBuildConfiguration section */
		CE891AA91D8CC7EB000A9711 /* Debug */ = {
			isa = XCBuildConfiguration;
			buildSettings = {
				ALWAYS_SEARCH_USER_PATHS = NO;
				CLANG_ANALYZER_NONNULL = YES;
				CLANG_CXX_LANGUAGE_STANDARD = "gnu++0x";
				CLANG_CXX_LIBRARY = "libc++";
				CLANG_ENABLE_MODULES = YES;
				CLANG_ENABLE_OBJC_ARC = YES;
				CLANG_WARN_BOOL_CONVERSION = YES;
				CLANG_WARN_CONSTANT_CONVERSION = YES;
				CLANG_WARN_DIRECT_OBJC_ISA_USAGE = YES_ERROR;
				CLANG_WARN_DOCUMENTATION_COMMENTS = YES;
				CLANG_WARN_EMPTY_BODY = YES;
				CLANG_WARN_ENUM_CONVERSION = YES;
				CLANG_WARN_INFINITE_RECURSION = YES;
				CLANG_WARN_INT_CONVERSION = YES;
				CLANG_WARN_OBJC_ROOT_CLASS = YES_ERROR;
				CLANG_WARN_SUSPICIOUS_MOVES = YES;
				CLANG_WARN_UNREACHABLE_CODE = YES;
				CLANG_WARN__DUPLICATE_METHOD_MATCH = YES;
				CODE_SIGN_IDENTITY = "-";
				COPY_PHASE_STRIP = NO;
				DEBUG_INFORMATION_FORMAT = dwarf;
				ENABLE_STRICT_OBJC_MSGSEND = YES;
				ENABLE_TESTABILITY = YES;
				GCC_C_LANGUAGE_STANDARD = gnu99;
				GCC_DYNAMIC_NO_PIC = NO;
				GCC_NO_COMMON_BLOCKS = YES;
				GCC_OPTIMIZATION_LEVEL = 0;
				GCC_PREPROCESSOR_DEFINITIONS = (
					"DEBUG=1",
					"$(inherited)",
				);
				GCC_WARN_64_TO_32_BIT_CONVERSION = YES;
				GCC_WARN_ABOUT_RETURN_TYPE = YES_ERROR;
				GCC_WARN_UNDECLARED_SELECTOR = YES;
				GCC_WARN_UNINITIALIZED_AUTOS = YES_AGGRESSIVE;
				GCC_WARN_UNUSED_FUNCTION = YES;
				GCC_WARN_UNUSED_VARIABLE = YES;
				MACOSX_DEPLOYMENT_TARGET = 10.11;
				MTL_ENABLE_DEBUG_INFO = YES;
				ONLY_ACTIVE_ARCH = YES;
				SDKROOT = macosx;
				SWIFT_ACTIVE_COMPILATION_CONDITIONS = DEBUG;
				SWIFT_OPTIMIZATION_LEVEL = "-Onone";
			};
			name = Debug;
		};
		CE891AAA1D8CC7EB000A9711 /* Release */ = {
			isa = XCBuildConfiguration;
			buildSettings = {
				ALWAYS_SEARCH_USER_PATHS = NO;
				CLANG_ANALYZER_NONNULL = YES;
				CLANG_CXX_LANGUAGE_STANDARD = "gnu++0x";
				CLANG_CXX_LIBRARY = "libc++";
				CLANG_ENABLE_MODULES = YES;
				CLANG_ENABLE_OBJC_ARC = YES;
				CLANG_WARN_BOOL_CONVERSION = YES;
				CLANG_WARN_CONSTANT_CONVERSION = YES;
				CLANG_WARN_DIRECT_OBJC_ISA_USAGE = YES_ERROR;
				CLANG_WARN_DOCUMENTATION_COMMENTS = YES;
				CLANG_WARN_EMPTY_BODY = YES;
				CLANG_WARN_ENUM_CONVERSION = YES;
				CLANG_WARN_INFINITE_RECURSION = YES;
				CLANG_WARN_INT_CONVERSION = YES;
				CLANG_WARN_OBJC_ROOT_CLASS = YES_ERROR;
				CLANG_WARN_SUSPICIOUS_MOVES = YES;
				CLANG_WARN_UNREACHABLE_CODE = YES;
				CLANG_WARN__DUPLICATE_METHOD_MATCH = YES;
				CODE_SIGN_IDENTITY = "-";
				COPY_PHASE_STRIP = NO;
				DEBUG_INFORMATION_FORMAT = "dwarf-with-dsym";
				ENABLE_NS_ASSERTIONS = NO;
				ENABLE_STRICT_OBJC_MSGSEND = YES;
				GCC_C_LANGUAGE_STANDARD = gnu99;
				GCC_NO_COMMON_BLOCKS = YES;
				GCC_WARN_64_TO_32_BIT_CONVERSION = YES;
				GCC_WARN_ABOUT_RETURN_TYPE = YES_ERROR;
				GCC_WARN_UNDECLARED_SELECTOR = YES;
				GCC_WARN_UNINITIALIZED_AUTOS = YES_AGGRESSIVE;
				GCC_WARN_UNUSED_FUNCTION = YES;
				GCC_WARN_UNUSED_VARIABLE = YES;
				MACOSX_DEPLOYMENT_TARGET = 10.11;
				MTL_ENABLE_DEBUG_INFO = NO;
				SDKROOT = macosx;
				SWIFT_OPTIMIZATION_LEVEL = "-Owholemodule";
			};
			name = Release;
		};
		CE891AAC1D8CC7EB000A9711 /* Debug */ = {
			isa = XCBuildConfiguration;
			buildSettings = {
				ASSETCATALOG_COMPILER_APPICON_NAME = AppIcon;
				CODE_SIGN_ENTITLEMENTS = GPM/GPM.entitlements;
				COMBINE_HIDPI_IMAGES = YES;
				DEVELOPMENT_TEAM = W3A6B7FDC7;
				FRAMEWORK_SEARCH_PATHS = (
					"$(inherited)",
					"$(PROJECT_DIR)/Carthage/Build/Mac",
				);
				INFOPLIST_FILE = GPM/Info.plist;
				LD_RUNPATH_SEARCH_PATHS = "$(inherited) @executable_path/../Frameworks";
				PRODUCT_BUNDLE_IDENTIFIER = net.mtgto.GPM;
				PRODUCT_NAME = "$(TARGET_NAME)";
				SWIFT_VERSION = 3.0;
			};
			name = Debug;
		};
		CE891AAD1D8CC7EB000A9711 /* Release */ = {
			isa = XCBuildConfiguration;
			buildSettings = {
				ASSETCATALOG_COMPILER_APPICON_NAME = AppIcon;
				CODE_SIGN_ENTITLEMENTS = GPM/GPM.entitlements;
				COMBINE_HIDPI_IMAGES = YES;
				DEVELOPMENT_TEAM = W3A6B7FDC7;
				FRAMEWORK_SEARCH_PATHS = (
					"$(inherited)",
					"$(PROJECT_DIR)/Carthage/Build/Mac",
				);
				INFOPLIST_FILE = GPM/Info.plist;
				LD_RUNPATH_SEARCH_PATHS = "$(inherited) @executable_path/../Frameworks";
				PRODUCT_BUNDLE_IDENTIFIER = net.mtgto.GPM;
				PRODUCT_NAME = "$(TARGET_NAME)";
				SWIFT_VERSION = 3.0;
			};
			name = Release;
		};
		CE891AAF1D8CC7EB000A9711 /* Debug */ = {
			isa = XCBuildConfiguration;
			buildSettings = {
				ALWAYS_EMBED_SWIFT_STANDARD_LIBRARIES = YES;
				BUNDLE_LOADER = "$(TEST_HOST)";
				COMBINE_HIDPI_IMAGES = YES;
				DEVELOPMENT_TEAM = W3A6B7FDC7;
				INFOPLIST_FILE = GPMTests/Info.plist;
				LD_RUNPATH_SEARCH_PATHS = "$(inherited) @executable_path/../Frameworks @loader_path/../Frameworks";
				PRODUCT_BUNDLE_IDENTIFIER = net.mtgto.GPMTests;
				PRODUCT_NAME = "$(TARGET_NAME)";
				SWIFT_VERSION = 3.0;
				TEST_HOST = "$(BUILT_PRODUCTS_DIR)/GPM.app/Contents/MacOS/GPM";
			};
			name = Debug;
		};
		CE891AB01D8CC7EB000A9711 /* Release */ = {
			isa = XCBuildConfiguration;
			buildSettings = {
				ALWAYS_EMBED_SWIFT_STANDARD_LIBRARIES = YES;
				BUNDLE_LOADER = "$(TEST_HOST)";
				COMBINE_HIDPI_IMAGES = YES;
				DEVELOPMENT_TEAM = W3A6B7FDC7;
				INFOPLIST_FILE = GPMTests/Info.plist;
				LD_RUNPATH_SEARCH_PATHS = "$(inherited) @executable_path/../Frameworks @loader_path/../Frameworks";
				PRODUCT_BUNDLE_IDENTIFIER = net.mtgto.GPMTests;
				PRODUCT_NAME = "$(TARGET_NAME)";
				SWIFT_VERSION = 3.0;
				TEST_HOST = "$(BUILT_PRODUCTS_DIR)/GPM.app/Contents/MacOS/GPM";
			};
			name = Release;
		};
/* End XCBuildConfiguration section */

/* Begin XCConfigurationList section */
		CE891A8A1D8CC7EA000A9711 /* Build configuration list for PBXProject "GPM" */ = {
			isa = XCConfigurationList;
			buildConfigurations = (
				CE891AA91D8CC7EB000A9711 /* Debug */,
				CE891AAA1D8CC7EB000A9711 /* Release */,
			);
			defaultConfigurationIsVisible = 0;
			defaultConfigurationName = Release;
		};
		CE891AAB1D8CC7EB000A9711 /* Build configuration list for PBXNativeTarget "GPM" */ = {
			isa = XCConfigurationList;
			buildConfigurations = (
				CE891AAC1D8CC7EB000A9711 /* Debug */,
				CE891AAD1D8CC7EB000A9711 /* Release */,
			);
			defaultConfigurationIsVisible = 0;
			defaultConfigurationName = Release;
		};
		CE891AAE1D8CC7EB000A9711 /* Build configuration list for PBXNativeTarget "GPMTests" */ = {
			isa = XCConfigurationList;
			buildConfigurations = (
				CE891AAF1D8CC7EB000A9711 /* Debug */,
				CE891AB01D8CC7EB000A9711 /* Release */,
			);
			defaultConfigurationIsVisible = 0;
			defaultConfigurationName = Release;
		};
/* End XCConfigurationList section */
	};
	rootObject = CE891A871D8CC7EA000A9711 /* Project object */;
}
